
Microsoft Visual Studio Solution File, Format Version 12.00
# Visual Studio Version 17
VisualStudioVersion = 17.0.31903.59
MinimumVisualStudioVersion = 10.0.40219.1
Project("{9A19103F-16F7-4668-BE54-9A1E7A4F7556}") = "OLT.Shared", "OLT.Shared\OLT.Shared.csproj", "{51C74595-D676-464C-BECD-395627521A65}"
EndProject
Project("{9A19103F-16F7-4668-BE54-9A1E7A4F7556}") = "OLT.EF.Core", "OLT.EF.Core\OLT.EF.Core.csproj", "{15D0BF6D-F636-4DBD-A7D5-5D0B97829B49}"
EndProject
Project("{9A19103F-16F7-4668-BE54-9A1E7A4F7556}") = "OLT.EF.Core.SqlServer", "OLT.EF.Core.SqlServer\OLT.EF.Core.SqlServer.csproj", "{901CA66E-1949-4568-BC76-D073DEBB6F1E}"
EndProject
Project("{9A19103F-16F7-4668-BE54-9A1E7A4F7556}") = "OLT.EF.Core.Services", "OLT.EF.Core.Services\OLT.EF.Core.Services.csproj", "{43A16CE6-ABAE-4D8C-9682-0339703C9590}"
EndProject
Project("{9A19103F-16F7-4668-BE54-9A1E7A4F7556}") = "OLT.EF.Core.SeedHelpers.Csv", "OLT.EF.Core.SeedHelpers.Csv\OLT.EF.Core.SeedHelpers.Csv.csproj", "{E418066F-C034-4D88-8972-EA3874ABEDCB}"
EndProject
Project("{9A19103F-16F7-4668-BE54-9A1E7A4F7556}") = "OLT.AspNetCore", "OLT.AspNetCore\OLT.AspNetCore.csproj", "{F7464890-EF2E-48CF-9EA0-3FED39757135}"
EndProject
Project("{9A19103F-16F7-4668-BE54-9A1E7A4F7556}") = "OLT.EPPlus", "OLT.EPPlus\OLT.EPPlus.csproj", "{0ACB3180-E491-4C1A-A2AF-0EFF584EC2BC}"
EndProject
Project("{9A19103F-16F7-4668-BE54-9A1E7A4F7556}") = "OLT.Extensions.DependencyInjection", "OLT.Extensions.DependencyInjection\OLT.Extensions.DependencyInjection.csproj", "{D98AFC07-7D80-47CD-9567-074D017C2C59}"
EndProject
Project("{9A19103F-16F7-4668-BE54-9A1E7A4F7556}") = "OLT.DataAdapters.AutoMapper", "OLT.DataAdapters.AutoMapper\OLT.DataAdapters.AutoMapper.csproj", "{A2C1D7CE-6D46-43FB-AF9C-357C2949E98B}"
EndProject
Project("{9A19103F-16F7-4668-BE54-9A1E7A4F7556}") = "OLT.DataAdapters", "OLT.DataAdapters\OLT.DataAdapters.csproj", "{2571F65F-CDCC-4AF8-A4CE-124FD347B0A0}"
EndProject
Project("{9A19103F-16F7-4668-BE54-9A1E7A4F7556}") = "OLT.Extensions.DependencyInjection.AutoMapper", "OLT.Extensions.DependencyInjection.AutoMapper\OLT.Extensions.DependencyInjection.AutoMapper.csproj", "{C956C04F-4523-4F68-961C-8174803AA073}"
EndProject
Project("{9A19103F-16F7-4668-BE54-9A1E7A4F7556}") = "OLT.Libraries.UnitTest", "OLT.Libraries.UnitTest\OLT.Libraries.UnitTest.csproj", "{5F8DA82F-F3E0-4529-A619-481A6D2C01DF}"
EndProject
Project("{9A19103F-16F7-4668-BE54-9A1E7A4F7556}") = "OLT.AspNetCore.Shared", "OLT.AspNetCore.Shared\OLT.AspNetCore.Shared.csproj", "{5C22588F-CF15-44C5-830B-5D63819A6DF1}"
EndProject
Project("{9A19103F-16F7-4668-BE54-9A1E7A4F7556}") = "OLT.AspNetCore.Serilog", "OLT.AspNetCore.Serilog\OLT.AspNetCore.Serilog.csproj", "{A4F69F7F-FD35-4B3C-A48A-AEA0DBC0E280}"
EndProject
Project("{9A19103F-16F7-4668-BE54-9A1E7A4F7556}") = "OLT.AspNetCore.Authentication.ApiKey", "OLT.AspNetCore.Authentication.ApiKey\OLT.AspNetCore.Authentication.ApiKey.csproj", "{6BEDF8D5-0303-408E-B9C9-06AD7885D3A3}"
EndProject
Project("{9A19103F-16F7-4668-BE54-9A1E7A4F7556}") = "OLT.AspNetCore.Authentication", "OLT.AspNetCore.Authentication\OLT.AspNetCore.Authentication.csproj", "{0518122C-A418-4EBA-A8D5-7211C4B4EAD0}"
EndProject
Project("{9A19103F-16F7-4668-BE54-9A1E7A4F7556}") = "OLT.AspNetCore.Authentication.JwtBearer", "OLT.AspNetCore.Authentication.JwtBearer\OLT.AspNetCore.Authentication.JwtBearer.csproj", "{A1D8D9AD-65BE-4D5B-BA3E-1DD4526F8C0A}"
EndProject
Project("{9A19103F-16F7-4668-BE54-9A1E7A4F7556}") = "OLT.Logging.Serilog", "OLT.Logging.Serilog\OLT.Logging.Serilog.csproj", "{291140C2-C4E7-4E78-A7A7-53B466D1D84E}"
EndProject
Project("{9A19103F-16F7-4668-BE54-9A1E7A4F7556}") = "OLT.Builder.File", "OLT.Builder.File\OLT.Builder.File.csproj", "{533864B1-5309-4CBF-8E7F-0133E99529FC}"
EndProject
Project("{9A19103F-16F7-4668-BE54-9A1E7A4F7556}") = "OLT.Extensions.Caching.Memory", "OLT.Extensions.Caching.Memory\OLT.Extensions.Caching.Memory.csproj", "{BEC3840B-B42C-4C71-A2D5-910065D34B36}"
EndProject
Project("{9A19103F-16F7-4668-BE54-9A1E7A4F7556}") = "OLT.Extensions.Caching.Shared", "OLT.Extensions.Caching.Shared\OLT.Extensions.Caching.Shared.csproj", "{D055CDC9-EA56-4745-9D37-3D4AEF139F1D}"
EndProject
Project("{9A19103F-16F7-4668-BE54-9A1E7A4F7556}") = "OLT.Extensions.Configuration", "OLT.Extensions.Configuration\OLT.Extensions.Configuration.csproj", "{1ECFB969-C4A7-4C17-AEDE-6263E779F56B}"
EndProject
Global
	GlobalSection(SolutionConfigurationPlatforms) = preSolution
		Debug|Any CPU = Debug|Any CPU
		Release|Any CPU = Release|Any CPU
	EndGlobalSection
	GlobalSection(ProjectConfigurationPlatforms) = postSolution
		{51C74595-D676-464C-BECD-395627521A65}.Debug|Any CPU.ActiveCfg = Debug|Any CPU
		{51C74595-D676-464C-BECD-395627521A65}.Debug|Any CPU.Build.0 = Debug|Any CPU
		{51C74595-D676-464C-BECD-395627521A65}.Release|Any CPU.ActiveCfg = Release|Any CPU
		{51C74595-D676-464C-BECD-395627521A65}.Release|Any CPU.Build.0 = Release|Any CPU
		{15D0BF6D-F636-4DBD-A7D5-5D0B97829B49}.Debug|Any CPU.ActiveCfg = Debug|Any CPU
		{15D0BF6D-F636-4DBD-A7D5-5D0B97829B49}.Debug|Any CPU.Build.0 = Debug|Any CPU
		{15D0BF6D-F636-4DBD-A7D5-5D0B97829B49}.Release|Any CPU.ActiveCfg = Release|Any CPU
		{15D0BF6D-F636-4DBD-A7D5-5D0B97829B49}.Release|Any CPU.Build.0 = Release|Any CPU
		{901CA66E-1949-4568-BC76-D073DEBB6F1E}.Debug|Any CPU.ActiveCfg = Debug|Any CPU
		{901CA66E-1949-4568-BC76-D073DEBB6F1E}.Debug|Any CPU.Build.0 = Debug|Any CPU
		{901CA66E-1949-4568-BC76-D073DEBB6F1E}.Release|Any CPU.ActiveCfg = Release|Any CPU
		{901CA66E-1949-4568-BC76-D073DEBB6F1E}.Release|Any CPU.Build.0 = Release|Any CPU
		{43A16CE6-ABAE-4D8C-9682-0339703C9590}.Debug|Any CPU.ActiveCfg = Debug|Any CPU
		{43A16CE6-ABAE-4D8C-9682-0339703C9590}.Debug|Any CPU.Build.0 = Debug|Any CPU
		{43A16CE6-ABAE-4D8C-9682-0339703C9590}.Release|Any CPU.ActiveCfg = Release|Any CPU
		{43A16CE6-ABAE-4D8C-9682-0339703C9590}.Release|Any CPU.Build.0 = Release|Any CPU
		{E418066F-C034-4D88-8972-EA3874ABEDCB}.Debug|Any CPU.ActiveCfg = Debug|Any CPU
		{E418066F-C034-4D88-8972-EA3874ABEDCB}.Debug|Any CPU.Build.0 = Debug|Any CPU
		{E418066F-C034-4D88-8972-EA3874ABEDCB}.Release|Any CPU.ActiveCfg = Release|Any CPU
		{E418066F-C034-4D88-8972-EA3874ABEDCB}.Release|Any CPU.Build.0 = Release|Any CPU
		{F7464890-EF2E-48CF-9EA0-3FED39757135}.Debug|Any CPU.ActiveCfg = Debug|Any CPU
		{F7464890-EF2E-48CF-9EA0-3FED39757135}.Debug|Any CPU.Build.0 = Debug|Any CPU
		{F7464890-EF2E-48CF-9EA0-3FED39757135}.Release|Any CPU.ActiveCfg = Release|Any CPU
		{F7464890-EF2E-48CF-9EA0-3FED39757135}.Release|Any CPU.Build.0 = Release|Any CPU
		{0ACB3180-E491-4C1A-A2AF-0EFF584EC2BC}.Debug|Any CPU.ActiveCfg = Debug|Any CPU
		{0ACB3180-E491-4C1A-A2AF-0EFF584EC2BC}.Debug|Any CPU.Build.0 = Debug|Any CPU
		{0ACB3180-E491-4C1A-A2AF-0EFF584EC2BC}.Release|Any CPU.ActiveCfg = Release|Any CPU
		{0ACB3180-E491-4C1A-A2AF-0EFF584EC2BC}.Release|Any CPU.Build.0 = Release|Any CPU
		{D98AFC07-7D80-47CD-9567-074D017C2C59}.Debug|Any CPU.ActiveCfg = Debug|Any CPU
		{D98AFC07-7D80-47CD-9567-074D017C2C59}.Debug|Any CPU.Build.0 = Debug|Any CPU
		{D98AFC07-7D80-47CD-9567-074D017C2C59}.Release|Any CPU.ActiveCfg = Release|Any CPU
		{D98AFC07-7D80-47CD-9567-074D017C2C59}.Release|Any CPU.Build.0 = Release|Any CPU
		{A2C1D7CE-6D46-43FB-AF9C-357C2949E98B}.Debug|Any CPU.ActiveCfg = Debug|Any CPU
		{A2C1D7CE-6D46-43FB-AF9C-357C2949E98B}.Debug|Any CPU.Build.0 = Debug|Any CPU
		{A2C1D7CE-6D46-43FB-AF9C-357C2949E98B}.Release|Any CPU.ActiveCfg = Release|Any CPU
		{A2C1D7CE-6D46-43FB-AF9C-357C2949E98B}.Release|Any CPU.Build.0 = Release|Any CPU
		{2571F65F-CDCC-4AF8-A4CE-124FD347B0A0}.Debug|Any CPU.ActiveCfg = Debug|Any CPU
		{2571F65F-CDCC-4AF8-A4CE-124FD347B0A0}.Debug|Any CPU.Build.0 = Debug|Any CPU
		{2571F65F-CDCC-4AF8-A4CE-124FD347B0A0}.Release|Any CPU.ActiveCfg = Release|Any CPU
		{2571F65F-CDCC-4AF8-A4CE-124FD347B0A0}.Release|Any CPU.Build.0 = Release|Any CPU
		{C956C04F-4523-4F68-961C-8174803AA073}.Debug|Any CPU.ActiveCfg = Debug|Any CPU
		{C956C04F-4523-4F68-961C-8174803AA073}.Debug|Any CPU.Build.0 = Debug|Any CPU
		{C956C04F-4523-4F68-961C-8174803AA073}.Release|Any CPU.ActiveCfg = Release|Any CPU
		{C956C04F-4523-4F68-961C-8174803AA073}.Release|Any CPU.Build.0 = Release|Any CPU
		{5F8DA82F-F3E0-4529-A619-481A6D2C01DF}.Debug|Any CPU.ActiveCfg = Debug|Any CPU
		{5F8DA82F-F3E0-4529-A619-481A6D2C01DF}.Debug|Any CPU.Build.0 = Debug|Any CPU
		{5F8DA82F-F3E0-4529-A619-481A6D2C01DF}.Release|Any CPU.ActiveCfg = Release|Any CPU
		{5F8DA82F-F3E0-4529-A619-481A6D2C01DF}.Release|Any CPU.Build.0 = Release|Any CPU
		{5C22588F-CF15-44C5-830B-5D63819A6DF1}.Debug|Any CPU.ActiveCfg = Debug|Any CPU
		{5C22588F-CF15-44C5-830B-5D63819A6DF1}.Debug|Any CPU.Build.0 = Debug|Any CPU
		{5C22588F-CF15-44C5-830B-5D63819A6DF1}.Release|Any CPU.ActiveCfg = Release|Any CPU
		{5C22588F-CF15-44C5-830B-5D63819A6DF1}.Release|Any CPU.Build.0 = Release|Any CPU
		{A4F69F7F-FD35-4B3C-A48A-AEA0DBC0E280}.Debug|Any CPU.ActiveCfg = Debug|Any CPU
		{A4F69F7F-FD35-4B3C-A48A-AEA0DBC0E280}.Debug|Any CPU.Build.0 = Debug|Any CPU
		{A4F69F7F-FD35-4B3C-A48A-AEA0DBC0E280}.Release|Any CPU.ActiveCfg = Release|Any CPU
		{A4F69F7F-FD35-4B3C-A48A-AEA0DBC0E280}.Release|Any CPU.Build.0 = Release|Any CPU
		{6BEDF8D5-0303-408E-B9C9-06AD7885D3A3}.Debug|Any CPU.ActiveCfg = Debug|Any CPU
		{6BEDF8D5-0303-408E-B9C9-06AD7885D3A3}.Debug|Any CPU.Build.0 = Debug|Any CPU
		{6BEDF8D5-0303-408E-B9C9-06AD7885D3A3}.Release|Any CPU.ActiveCfg = Release|Any CPU
		{6BEDF8D5-0303-408E-B9C9-06AD7885D3A3}.Release|Any CPU.Build.0 = Release|Any CPU
		{0518122C-A418-4EBA-A8D5-7211C4B4EAD0}.Debug|Any CPU.ActiveCfg = Debug|Any CPU
		{0518122C-A418-4EBA-A8D5-7211C4B4EAD0}.Debug|Any CPU.Build.0 = Debug|Any CPU
		{0518122C-A418-4EBA-A8D5-7211C4B4EAD0}.Release|Any CPU.ActiveCfg = Release|Any CPU
		{0518122C-A418-4EBA-A8D5-7211C4B4EAD0}.Release|Any CPU.Build.0 = Release|Any CPU
		{A1D8D9AD-65BE-4D5B-BA3E-1DD4526F8C0A}.Debug|Any CPU.ActiveCfg = Debug|Any CPU
		{A1D8D9AD-65BE-4D5B-BA3E-1DD4526F8C0A}.Debug|Any CPU.Build.0 = Debug|Any CPU
		{A1D8D9AD-65BE-4D5B-BA3E-1DD4526F8C0A}.Release|Any CPU.ActiveCfg = Release|Any CPU
		{A1D8D9AD-65BE-4D5B-BA3E-1DD4526F8C0A}.Release|Any CPU.Build.0 = Release|Any CPU
		{291140C2-C4E7-4E78-A7A7-53B466D1D84E}.Debug|Any CPU.ActiveCfg = Debug|Any CPU
		{291140C2-C4E7-4E78-A7A7-53B466D1D84E}.Debug|Any CPU.Build.0 = Debug|Any CPU
		{291140C2-C4E7-4E78-A7A7-53B466D1D84E}.Release|Any CPU.ActiveCfg = Release|Any CPU
		{291140C2-C4E7-4E78-A7A7-53B466D1D84E}.Release|Any CPU.Build.0 = Release|Any CPU
		{533864B1-5309-4CBF-8E7F-0133E99529FC}.Debug|Any CPU.ActiveCfg = Debug|Any CPU
		{533864B1-5309-4CBF-8E7F-0133E99529FC}.Debug|Any CPU.Build.0 = Debug|Any CPU
		{533864B1-5309-4CBF-8E7F-0133E99529FC}.Release|Any CPU.ActiveCfg = Release|Any CPU
		{533864B1-5309-4CBF-8E7F-0133E99529FC}.Release|Any CPU.Build.0 = Release|Any CPU
		{BEC3840B-B42C-4C71-A2D5-910065D34B36}.Debug|Any CPU.ActiveCfg = Debug|Any CPU
		{BEC3840B-B42C-4C71-A2D5-910065D34B36}.Debug|Any CPU.Build.0 = Debug|Any CPU
		{BEC3840B-B42C-4C71-A2D5-910065D34B36}.Release|Any CPU.ActiveCfg = Release|Any CPU
		{BEC3840B-B42C-4C71-A2D5-910065D34B36}.Release|Any CPU.Build.0 = Release|Any CPU
		{D055CDC9-EA56-4745-9D37-3D4AEF139F1D}.Debug|Any CPU.ActiveCfg = Debug|Any CPU
		{D055CDC9-EA56-4745-9D37-3D4AEF139F1D}.Debug|Any CPU.Build.0 = Debug|Any CPU
		{D055CDC9-EA56-4745-9D37-3D4AEF139F1D}.Release|Any CPU.ActiveCfg = Release|Any CPU
		{D055CDC9-EA56-4745-9D37-3D4AEF139F1D}.Release|Any CPU.Build.0 = Release|Any CPU
		{1ECFB969-C4A7-4C17-AEDE-6263E779F56B}.Debug|Any CPU.ActiveCfg = Debug|Any CPU
		{1ECFB969-C4A7-4C17-AEDE-6263E779F56B}.Debug|Any CPU.Build.0 = Debug|Any CPU
		{1ECFB969-C4A7-4C17-AEDE-6263E779F56B}.Release|Any CPU.ActiveCfg = Release|Any CPU
		{1ECFB969-C4A7-4C17-AEDE-6263E779F56B}.Release|Any CPU.Build.0 = Release|Any CPU
	EndGlobalSection
	GlobalSection(SolutionProperties) = preSolution
		HideSolutionNode = FALSE
	EndGlobalSection
	GlobalSection(ExtensibilityGlobals) = postSolution
		SolutionGuid = {3EEE5347-8C2E-4F57-BB00-31BC62A4E413}
	EndGlobalSection
EndGlobal
